// !$*UTF8*$!
{
	archiveVersion = 1;
	classes = {
	};
	objectVersion = 46;
	objects = {

/* Begin PBXBuildFile section */
		22ACC80F1929E0B100801833 /* Foundation.framework in Frameworks */ = {isa = PBXBuildFile; fileRef = 22ACC80E1929E0B100801833 /* Foundation.framework */; };
		22ACC8111929E0B100801833 /* CoreGraphics.framework in Frameworks */ = {isa = PBXBuildFile; fileRef = 22ACC8101929E0B100801833 /* CoreGraphics.framework */; };
		22ACC8131929E0B100801833 /* UIKit.framework in Frameworks */ = {isa = PBXBuildFile; fileRef = 22ACC8121929E0B100801833 /* UIKit.framework */; };
		22ACC8191929E0B100801833 /* InfoPlist.strings in Resources */ = {isa = PBXBuildFile; fileRef = 22ACC8171929E0B100801833 /* InfoPlist.strings */; };
		22ACC81B1929E0B100801833 /* main.m in Sources */ = {isa = PBXBuildFile; fileRef = 22ACC81A1929E0B100801833 /* main.m */; };
		22ACC81F1929E0B100801833 /* RWAppDelegate.m in Sources */ = {isa = PBXBuildFile; fileRef = 22ACC81E1929E0B100801833 /* RWAppDelegate.m */; };
		22ACC8221929E0B100801833 /* Main.storyboard in Resources */ = {isa = PBXBuildFile; fileRef = 22ACC8201929E0B100801833 /* Main.storyboard */; };
		22ACC8251929E0B100801833 /* RWViewController.m in Sources */ = {isa = PBXBuildFile; fileRef = 22ACC8241929E0B100801833 /* RWViewController.m */; };
		22ACC8271929E0B100801833 /* Images.xcassets in Resources */ = {isa = PBXBuildFile; fileRef = 22ACC8261929E0B100801833 /* Images.xcassets */; };
		22ACC82E1929E0B200801833 /* XCTest.framework in Frameworks */ = {isa = PBXBuildFile; fileRef = 22ACC82D1929E0B200801833 /* XCTest.framework */; };
		22ACC82F1929E0B200801833 /* Foundation.framework in Frameworks */ = {isa = PBXBuildFile; fileRef = 22ACC80E1929E0B100801833 /* Foundation.framework */; };
		22ACC8301929E0B200801833 /* UIKit.framework in Frameworks */ = {isa = PBXBuildFile; fileRef = 22ACC8121929E0B100801833 /* UIKit.framework */; };
		22ACC8381929E0B200801833 /* InfoPlist.strings in Resources */ = {isa = PBXBuildFile; fileRef = 22ACC8361929E0B200801833 /* InfoPlist.strings */; };
		22ACC83A1929E0B200801833 /* PageFoldTests.m in Sources */ = {isa = PBXBuildFile; fileRef = 22ACC8391929E0B200801833 /* PageFoldTests.m */; };
		22ACC8461929E20200801833 /* RWViewSplitter.m in Sources */ = {isa = PBXBuildFile; fileRef = 22ACC8451929E20200801833 /* RWViewSplitter.m */; };
/* End PBXBuildFile section */

/* Begin PBXContainerItemProxy section */
		22ACC8311929E0B200801833 /* PBXContainerItemProxy */ = {
			isa = PBXContainerItemProxy;
			containerPortal = 22ACC8031929E0B100801833 /* Project object */;
			proxyType = 1;
			remoteGlobalIDString = 22ACC80A1929E0B100801833;
			remoteInfo = PageFold;
		};
/* End PBXContainerItemProxy section */

/* Begin PBXFileReference section */
		22ACC80B1929E0B100801833 /* PageFold.app */ = {isa = PBXFileReference; explicitFileType = wrapper.application; includeInIndex = 0; path = PageFold.app; sourceTree = BUILT_PRODUCTS_DIR; };
		22ACC80E1929E0B100801833 /* Foundation.framework */ = {isa = PBXFileReference; lastKnownFileType = wrapper.framework; name = Foundation.framework; path = System/Library/Frameworks/Foundation.framework; sourceTree = SDKROOT; };
		22ACC8101929E0B100801833 /* CoreGraphics.framework */ = {isa = PBXFileReference; lastKnownFileType = wrapper.framework; name = CoreGraphics.framework; path = System/Library/Frameworks/CoreGraphics.framework; sourceTree = SDKROOT; };
		22ACC8121929E0B100801833 /* UIKit.framework */ = {isa = PBXFileReference; lastKnownFileType = wrapper.framework; name = UIKit.framework; path = System/Library/Frameworks/UIKit.framework; sourceTree = SDKROOT; };
		22ACC8161929E0B100801833 /* PageFold-Info.plist */ = {isa = PBXFileReference; lastKnownFileType = text.plist.xml; path = "PageFold-Info.plist"; sourceTree = "<group>"; };
		22ACC8181929E0B100801833 /* en */ = {isa = PBXFileReference; lastKnownFileType = text.plist.strings; name = en; path = en.lproj/InfoPlist.strings; sourceTree = "<group>"; };
		22ACC81A1929E0B100801833 /* main.m */ = {isa = PBXFileReference; lastKnownFileType = sourcecode.c.objc; path = main.m; sourceTree = "<group>"; };
		22ACC81C1929E0B100801833 /* PageFold-Prefix.pch */ = {isa = PBXFileReference; lastKnownFileType = sourcecode.c.h; path = "PageFold-Prefix.pch"; sourceTree = "<group>"; };
		22ACC81D1929E0B100801833 /* RWAppDelegate.h */ = {isa = PBXFileReference; lastKnownFileType = sourcecode.c.h; path = RWAppDelegate.h; sourceTree = "<group>"; };
		22ACC81E1929E0B100801833 /* RWAppDelegate.m */ = {isa = PBXFileReference; lastKnownFileType = sourcecode.c.objc; path = RWAppDelegate.m; sourceTree = "<group>"; };
		22ACC8211929E0B100801833 /* Base */ = {isa = PBXFileReference; lastKnownFileType = file.storyboard; name = Base; path = Base.lproj/Main.storyboard; sourceTree = "<group>"; };
		22ACC8231929E0B100801833 /* RWViewController.h */ = {isa = PBXFileReference; lastKnownFileType = sourcecode.c.h; path = RWViewController.h; sourceTree = "<group>"; };
		22ACC8241929E0B100801833 /* RWViewController.m */ = {isa = PBXFileReference; lastKnownFileType = sourcecode.c.objc; path = RWViewController.m; sourceTree = "<group>"; };
		22ACC8261929E0B100801833 /* Images.xcassets */ = {isa = PBXFileReference; lastKnownFileType = folder.assetcatalog; path = Images.xcassets; sourceTree = "<group>"; };
		22ACC82C1929E0B200801833 /* PageFoldTests.xctest */ = {isa = PBXFileReference; explicitFileType = wrapper.cfbundle; includeInIndex = 0; path = PageFoldTests.xctest; sourceTree = BUILT_PRODUCTS_DIR; };
		22ACC82D1929E0B200801833 /* XCTest.framework */ = {isa = PBXFileReference; lastKnownFileType = wrapper.framework; name = XCTest.framework; path = Library/Frameworks/XCTest.framework; sourceTree = DEVELOPER_DIR; };
		22ACC8351929E0B200801833 /* PageFoldTests-Info.plist */ = {isa = PBXFileReference; lastKnownFileType = text.plist.xml; path = "PageFoldTests-Info.plist"; sourceTree = "<group>"; };
		22ACC8371929E0B200801833 /* en */ = {isa = PBXFileReference; lastKnownFileType = text.plist.strings; name = en; path = en.lproj/InfoPlist.strings; sourceTree = "<group>"; };
		22ACC8391929E0B200801833 /* PageFoldTests.m */ = {isa = PBXFileReference; lastKnownFileType = sourcecode.c.objc; path = PageFoldTests.m; sourceTree = "<group>"; };
		22ACC8441929E20200801833 /* RWViewSplitter.h */ = {isa = PBXFileReference; fileEncoding = 4; lastKnownFileType = sourcecode.c.h; path = RWViewSplitter.h; sourceTree = "<group>"; };
		22ACC8451929E20200801833 /* RWViewSplitter.m */ = {isa = PBXFileReference; fileEncoding = 4; lastKnownFileType = sourcecode.c.objc; path = RWViewSplitter.m; sourceTree = "<group>"; };
/* End PBXFileReference section */

/* Begin PBXFrameworksBuildPhase section */
		22ACC8081929E0B100801833 /* Frameworks */ = {
			isa = PBXFrameworksBuildPhase;
			buildActionMask = 2147483647;
			files = (
				22ACC8111929E0B100801833 /* CoreGraphics.framework in Frameworks */,
				22ACC8131929E0B100801833 /* UIKit.framework in Frameworks */,
				22ACC80F1929E0B100801833 /* Foundation.framework in Frameworks */,
			);
			runOnlyForDeploymentPostprocessing = 0;
		};
		22ACC8291929E0B200801833 /* Frameworks */ = {
			isa = PBXFrameworksBuildPhase;
			buildActionMask = 2147483647;
			files = (
				22ACC82E1929E0B200801833 /* XCTest.framework in Frameworks */,
				22ACC8301929E0B200801833 /* UIKit.framework in Frameworks */,
				22ACC82F1929E0B200801833 /* Foundation.framework in Frameworks */,
			);
			runOnlyForDeploymentPostprocessing = 0;
		};
/* End PBXFrameworksBuildPhase section */

/* Begin PBXGroup section */
		22ACC8021929E0B100801833 = {
			isa = PBXGroup;
			children = (
				22ACC8141929E0B100801833 /* PageFold */,
				22ACC8331929E0B200801833 /* PageFoldTests */,
				22ACC80D1929E0B100801833 /* Frameworks */,
				22ACC80C1929E0B100801833 /* Products */,
			);
			indentWidth = 4;
			sourceTree = "<group>";
			tabWidth = 4;
			usesTabs = 0;
		};
		22ACC80C1929E0B100801833 /* Products */ = {
			isa = PBXGroup;
			children = (
				22ACC80B1929E0B100801833 /* PageFold.app */,
				22ACC82C1929E0B200801833 /* PageFoldTests.xctest */,
			);
			name = Products;
			sourceTree = "<group>";
		};
		22ACC80D1929E0B100801833 /* Frameworks */ = {
			isa = PBXGroup;
			children = (
				22ACC80E1929E0B100801833 /* Foundation.framework */,
				22ACC8101929E0B100801833 /* CoreGraphics.framework */,
				22ACC8121929E0B100801833 /* UIKit.framework */,
				22ACC82D1929E0B200801833 /* XCTest.framework */,
			);
			name = Frameworks;
			sourceTree = "<group>";
		};
		22ACC8141929E0B100801833 /* PageFold */ = {
			isa = PBXGroup;
			children = (
				22ACC8431929E1D200801833 /* Animator */,
				22ACC81D1929E0B100801833 /* RWAppDelegate.h */,
				22ACC81E1929E0B100801833 /* RWAppDelegate.m */,
				22ACC8201929E0B100801833 /* Main.storyboard */,
				22ACC8231929E0B100801833 /* RWViewController.h */,
				22ACC8241929E0B100801833 /* RWViewController.m */,
				22ACC8261929E0B100801833 /* Images.xcassets */,
				22ACC8151929E0B100801833 /* Supporting Files */,
			);
			path = PageFold;
			sourceTree = "<group>";
		};
		22ACC8151929E0B100801833 /* Supporting Files */ = {
			isa = PBXGroup;
			children = (
				22ACC8161929E0B100801833 /* PageFold-Info.plist */,
				22ACC8171929E0B100801833 /* InfoPlist.strings */,
				22ACC81A1929E0B100801833 /* main.m */,
				22ACC81C1929E0B100801833 /* PageFold-Prefix.pch */,
			);
			name = "Supporting Files";
			sourceTree = "<group>";
		};
		22ACC8331929E0B200801833 /* PageFoldTests */ = {
			isa = PBXGroup;
			children = (
				22ACC8391929E0B200801833 /* PageFoldTests.m */,
				22ACC8341929E0B200801833 /* Supporting Files */,
			);
			path = PageFoldTests;
			sourceTree = "<group>";
		};
		22ACC8341929E0B200801833 /* Supporting Files */ = {
			isa = PBXGroup;
			children = (
				22ACC8351929E0B200801833 /* PageFoldTests-Info.plist */,
				22ACC8361929E0B200801833 /* InfoPlist.strings */,
			);
			name = "Supporting Files";
			sourceTree = "<group>";
		};
		22ACC8431929E1D200801833 /* Animator */ = {
			isa = PBXGroup;
			children = (
				22ACC8441929E20200801833 /* RWViewSplitter.h */,
				22ACC8451929E20200801833 /* RWViewSplitter.m */,
			);
			name = Animator;
			sourceTree = "<group>";
		};
/* End PBXGroup section */

/* Begin PBXNativeTarget section */
		22ACC80A1929E0B100801833 /* PageFold */ = {
			isa = PBXNativeTarget;
			buildConfigurationList = 22ACC83D1929E0B200801833 /* Build configuration list for PBXNativeTarget "PageFold" */;
			buildPhases = (
				22ACC8071929E0B100801833 /* Sources */,
				22ACC8081929E0B100801833 /* Frameworks */,
				22ACC8091929E0B100801833 /* Resources */,
				E1C5BA8C58074CDEBDCAA035 /* Warn for TODO and FIXME comments */,
			);
			buildRules = (
			);
			dependencies = (
			);
			name = PageFold;
			productName = PageFold;
			productReference = 22ACC80B1929E0B100801833 /* PageFold.app */;
			productType = "com.apple.product-type.application";
		};
		22ACC82B1929E0B200801833 /* PageFoldTests */ = {
			isa = PBXNativeTarget;
			buildConfigurationList = 22ACC8401929E0B200801833 /* Build configuration list for PBXNativeTarget "PageFoldTests" */;
			buildPhases = (
				22ACC8281929E0B200801833 /* Sources */,
				22ACC8291929E0B200801833 /* Frameworks */,
				22ACC82A1929E0B200801833 /* Resources */,
			);
			buildRules = (
			);
			dependencies = (
				22ACC8321929E0B200801833 /* PBXTargetDependency */,
			);
			name = PageFoldTests;
			productName = PageFoldTests;
			productReference = 22ACC82C1929E0B200801833 /* PageFoldTests.xctest */;
			productType = "com.apple.product-type.bundle.unit-test";
		};
/* End PBXNativeTarget section */

/* Begin PBXProject section */
		22ACC8031929E0B100801833 /* Project object */ = {
			isa = PBXProject;
			attributes = {
				CLASSPREFIX = RW;
				LastUpgradeCheck = 0510;
				ORGANIZATIONNAME = RayWenderlich;
				TargetAttributes = {
					22ACC82B1929E0B200801833 = {
						TestTargetID = 22ACC80A1929E0B100801833;
					};
				};
			};
			buildConfigurationList = 22ACC8061929E0B100801833 /* Build configuration list for PBXProject "PageFold" */;
			compatibilityVersion = "Xcode 3.2";
			developmentRegion = English;
			hasScannedForEncodings = 0;
			knownRegions = (
				en,
				Base,
			);
			mainGroup = 22ACC8021929E0B100801833;
			productRefGroup = 22ACC80C1929E0B100801833 /* Products */;
			projectDirPath = "";
			projectRoot = "";
			targets = (
				22ACC80A1929E0B100801833 /* PageFold */,
				22ACC82B1929E0B200801833 /* PageFoldTests */,
			);
		};
/* End PBXProject section */

/* Begin PBXResourcesBuildPhase section */
		22ACC8091929E0B100801833 /* Resources */ = {
			isa = PBXResourcesBuildPhase;
			buildActionMask = 2147483647;
			files = (
				22ACC8271929E0B100801833 /* Images.xcassets in Resources */,
				22ACC8191929E0B100801833 /* InfoPlist.strings in Resources */,
				22ACC8221929E0B100801833 /* Main.storyboard in Resources */,
			);
			runOnlyForDeploymentPostprocessing = 0;
		};
		22ACC82A1929E0B200801833 /* Resources */ = {
			isa = PBXResourcesBuildPhase;
			buildActionMask = 2147483647;
			files = (
				22ACC8381929E0B200801833 /* InfoPlist.strings in Resources */,
			);
			runOnlyForDeploymentPostprocessing = 0;
		};
/* End PBXResourcesBuildPhase section */

/* Begin PBXShellScriptBuildPhase section */
		E1C5BA8C58074CDEBDCAA035 /* Warn for TODO and FIXME comments */ = {
			isa = PBXShellScriptBuildPhase;
			buildActionMask = 2147483647;
			files = (
			);
			inputPaths = (
			);
			name = "Warn for TODO and FIXME comments";
			outputPaths = (
			);
			runOnlyForDeploymentPostprocessing = 0;
			shellPath = /bin/sh;
			shellScript = "KEYWORDS=\"TODO:|FIXME:|\\?\\?\\?:|\\!\\!\\!:\"\nFILE_EXTENSIONS=\"h|m|mm|c|cpp\"\nfind -E \"${SRCROOT}\" -ipath \"${SRCROOT}/pods\" -prune -o \\( -regex \".*\\.($FILE_EXTENSIONS)$\" \\) -print0 | xargs -0 egrep --with-filename --line-number --only-matching \"($KEYWORDS).*\\$\" | perl -p -e \"s/($KEYWORDS)/ warning: \\$1/\"\n";
		};
/* End PBXShellScriptBuildPhase section */

/* Begin PBXSourcesBuildPhase section */
		22ACC8071929E0B100801833 /* Sources */ = {
			isa = PBXSourcesBuildPhase;
			buildActionMask = 2147483647;
			files = (
				22ACC81B1929E0B100801833 /* main.m in Sources */,
				22ACC8251929E0B100801833 /* RWViewController.m in Sources */,
				22ACC8461929E20200801833 /* RWViewSplitter.m in Sources */,
				22ACC81F1929E0B100801833 /* RWAppDelegate.m in Sources */,
			);
			runOnlyForDeploymentPostprocessing = 0;
		};
		22ACC8281929E0B200801833 /* Sources */ = {
			isa = PBXSourcesBuildPhase;
			buildActionMask = 2147483647;
			files = (
				22ACC83A1929E0B200801833 /* PageFoldTests.m in Sources */,
			);
			runOnlyForDeploymentPostprocessing = 0;
		};
/* End PBXSourcesBuildPhase section */

/* Begin PBXTargetDependency section */
		22ACC8321929E0B200801833 /* PBXTargetDependency */ = {
			isa = PBXTargetDependency;
			target = 22ACC80A1929E0B100801833 /* PageFold */;
			targetProxy = 22ACC8311929E0B200801833 /* PBXContainerItemProxy */;
		};
/* End PBXTargetDependency section */

/* Begin PBXVariantGroup section */
		22ACC8171929E0B100801833 /* InfoPlist.strings */ = {
			isa = PBXVariantGroup;
			children = (
				22ACC8181929E0B100801833 /* en */,
			);
			name = InfoPlist.strings;
			sourceTree = "<group>";
		};
		22ACC8201929E0B100801833 /* Main.storyboard */ = {
			isa = PBXVariantGroup;
			children = (
				22ACC8211929E0B100801833 /* Base */,
			);
			name = Main.storyboard;
			sourceTree = "<group>";
		};
		22ACC8361929E0B200801833 /* InfoPlist.strings */ = {
			isa = PBXVariantGroup;
			children = (
				22ACC8371929E0B200801833 /* en */,
			);
			name = InfoPlist.strings;
			sourceTree = "<group>";
		};
/* End PBXVariantGroup section */

/* Begin XCBuildConfiguration section */
		22ACC83B1929E0B200801833 /* Debug */ = {
			isa = XCBuildConfiguration;
			buildSettings = {
				ALWAYS_SEARCH_USER_PATHS = NO;
				CLANG_CXX_LANGUAGE_STANDARD = "gnu++0x";
				CLANG_CXX_LIBRARY = "libc++";
				CLANG_ENABLE_MODULES = YES;
				CLANG_ENABLE_OBJC_ARC = YES;
				CLANG_WARN_BOOL_CONVERSION = YES;
				CLANG_WARN_CONSTANT_CONVERSION = YES;
				CLANG_WARN_DEPRECATED_OBJC_IMPLEMENTATIONS = YES;
				CLANG_WARN_DIRECT_OBJC_ISA_USAGE = YES_ERROR;
				CLANG_WARN_EMPTY_BODY = YES;
				CLANG_WARN_ENUM_CONVERSION = YES;
				CLANG_WARN_INT_CONVERSION = YES;
				CLANG_WARN_OBJC_IMPLICIT_RETAIN_SELF = YES;
				CLANG_WARN_OBJC_ROOT_CLASS = YES_ERROR;
				CLANG_WARN__DUPLICATE_METHOD_MATCH = YES;
				"CODE_SIGN_IDENTITY[sdk=iphoneos*]" = "iPhone Developer";
				COPY_PHASE_STRIP = NO;
				GCC_C_LANGUAGE_STANDARD = gnu99;
				GCC_DYNAMIC_NO_PIC = NO;
				GCC_OPTIMIZATION_LEVEL = 0;
				GCC_PREPROCESSOR_DEFINITIONS = (
					"DEBUG=1",
					"$(inherited)",
				);
				GCC_SYMBOLS_PRIVATE_EXTERN = NO;
				GCC_WARN_64_TO_32_BIT_CONVERSION = YES;
				GCC_WARN_ABOUT_MISSING_FIELD_INITIALIZERS = YES;
				GCC_WARN_ABOUT_MISSING_NEWLINE = YES;
				GCC_WARN_ABOUT_RETURN_TYPE = YES;
				GCC_WARN_CHECK_SWITCH_STATEMENTS = YES;
				GCC_WARN_INITIALIZER_NOT_FULLY_BRACKETED = YES;
				GCC_WARN_MISSING_PARENTHESES = YES;
				GCC_WARN_SHADOW = YES;
				GCC_WARN_SIGN_COMPARE = YES;
				GCC_WARN_TYPECHECK_CALLS_TO_PRINTF = YES;
				GCC_WARN_UNDECLARED_SELECTOR = YES;
				GCC_WARN_UNINITIALIZED_AUTOS = YES_AGGRESSIVE;
				GCC_WARN_UNUSED_FUNCTION = YES;
				GCC_WARN_UNUSED_LABEL = YES;
				GCC_WARN_UNUSED_VALUE = YES;
				GCC_WARN_UNUSED_VARIABLE = YES;
				IPHONEOS_DEPLOYMENT_TARGET = 7.1;
				ONLY_ACTIVE_ARCH = YES;
				RUN_CLANG_STATIC_ANALYZER = YES;
				SDKROOT = iphoneos;
				TARGETED_DEVICE_FAMILY = 2;
			};
			name = Debug;
		};
		22ACC83C1929E0B200801833 /* Release */ = {
			isa = XCBuildConfiguration;
			buildSettings = {
				ALWAYS_SEARCH_USER_PATHS = NO;
				CLANG_CXX_LANGUAGE_STANDARD = "gnu++0x";
				CLANG_CXX_LIBRARY = "libc++";
				CLANG_ENABLE_MODULES = YES;
				CLANG_ENABLE_OBJC_ARC = YES;
				CLANG_WARN_BOOL_CONVERSION = YES;
				CLANG_WARN_CONSTANT_CONVERSION = YES;
				CLANG_WARN_DEPRECATED_OBJC_IMPLEMENTATIONS = YES;
				CLANG_WARN_DIRECT_OBJC_ISA_USAGE = YES_ERROR;
				CLANG_WARN_EMPTY_BODY = YES;
				CLANG_WARN_ENUM_CONVERSION = YES;
				CLANG_WARN_INT_CONVERSION = YES;
				CLANG_WARN_OBJC_IMPLICIT_RETAIN_SELF = YES;
				CLANG_WARN_OBJC_ROOT_CLASS = YES_ERROR;
				CLANG_WARN__DUPLICATE_METHOD_MATCH = YES;
				"CODE_SIGN_IDENTITY[sdk=iphoneos*]" = "iPhone Developer";
				COPY_PHASE_STRIP = YES;
				ENABLE_NS_ASSERTIONS = NO;
				GCC_C_LANGUAGE_STANDARD = gnu99;
				GCC_WARN_64_TO_32_BIT_CONVERSION = YES;
				GCC_WARN_ABOUT_MISSING_FIELD_INITIALIZERS = YES;
				GCC_WARN_ABOUT_MISSING_NEWLINE = YES;
				GCC_WARN_ABOUT_RETURN_TYPE = YES;
				GCC_WARN_CHECK_SWITCH_STATEMENTS = YES;
				GCC_WARN_INITIALIZER_NOT_FULLY_BRACKETED = YES;
				GCC_WARN_MISSING_PARENTHESES = YES;
				GCC_WARN_SHADOW = YES;
				GCC_WARN_SIGN_COMPARE = YES;
				GCC_WARN_TYPECHECK_CALLS_TO_PRINTF = YES;
				GCC_WARN_UNDECLARED_SELECTOR = YES;
				GCC_WARN_UNINITIALIZED_AUTOS = YES_AGGRESSIVE;
				GCC_WARN_UNUSED_FUNCTION = YES;
				GCC_WARN_UNUSED_LABEL = YES;
				GCC_WARN_UNUSED_VALUE = YES;
				GCC_WARN_UNUSED_VARIABLE = YES;
				IPHONEOS_DEPLOYMENT_TARGET = 7.1;
				RUN_CLANG_STATIC_ANALYZER = YES;
				SDKROOT = iphoneos;
				TARGETED_DEVICE_FAMILY = 2;
				VALIDATE_PRODUCT = YES;
			};
			name = Release;
		};
		22ACC83E1929E0B200801833 /* Debug */ = {
			isa = XCBuildConfiguration;
			buildSettings = {
				ASSETCATALOG_COMPILER_APPICON_NAME = AppIcon;
				ASSETCATALOG_COMPILER_LAUNCHIMAGE_NAME = LaunchImage;
				GCC_PRECOMPILE_PREFIX_HEADER = YES;
				GCC_PREFIX_HEADER = "PageFold/PageFold-Prefix.pch";
				INFOPLIST_FILE = "PageFold/PageFold-Info.plist";
				PRODUCT_NAME = "$(TARGET_NAME)";
				WRAPPER_EXTENSION = app;
			};
			name = Debug;
		};
		22ACC83F1929E0B200801833 /* Release */ = {
			isa = XCBuildConfiguration;
			buildSettings = {
				ASSETCATALOG_COMPILER_APPICON_NAME = AppIcon;
				ASSETCATALOG_COMPILER_LAUNCHIMAGE_NAME = LaunchImage;
				GCC_PRECOMPILE_PREFIX_HEADER = YES;
				GCC_PREFIX_HEADER = "PageFold/PageFold-Prefix.pch";
				INFOPLIST_FILE = "PageFold/PageFold-Info.plist";
				PRODUCT_NAME = "$(TARGET_NAME)";
				WRAPPER_EXTENSION = app;
			};
			name = Release;
		};
		22ACC8411929E0B200801833 /* Debug */ = {
			isa = XCBuildConfiguration;
			buildSettings = {
				BUNDLE_LOADER = "$(BUILT_PRODUCTS_DIR)/PageFold.app/PageFold";
				FRAMEWORK_SEARCH_PATHS = (
					"$(SDKROOT)/Developer/Library/Frameworks",
					"$(inherited)",
					"$(DEVELOPER_FRAMEWORKS_DIR)",
				);
				GCC_PRECOMPILE_PREFIX_HEADER = YES;
				GCC_PREFIX_HEADER = "PageFold/PageFold-Prefix.pch";
				GCC_PREPROCESSOR_DEFINITIONS = (
					"DEBUG=1",
					"$(inherited)",
				);
				INFOPLIST_FILE = "PageFoldTests/PageFoldTests-Info.plist";
				PRODUCT_NAME = "$(TARGET_NAME)";
				TEST_HOST = "$(BUNDLE_LOADER)";
				WRAPPER_EXTENSION = xctest;
			};
			name = Debug;
		};
		22ACC8421929E0B200801833 /* Release */ = {
			isa = XCBuildConfiguration;
			buildSettings = {
				BUNDLE_LOADER = "$(BUILT_PRODUCTS_DIR)/PageFold.app/PageFold";
				FRAMEWORK_SEARCH_PATHS = (
					"$(SDKROOT)/Developer/Library/Frameworks",
					"$(inherited)",
					"$(DEVELOPER_FRAMEWORKS_DIR)",
				);
				GCC_PRECOMPILE_PREFIX_HEADER = YES;
				GCC_PREFIX_HEADER = "PageFold/PageFold-Prefix.pch";
				INFOPLIST_FILE = "PageFoldTests/PageFoldTests-Info.plist";
				PRODUCT_NAME = "$(TARGET_NAME)";
				TEST_HOST = "$(BUNDLE_LOADER)";
				WRAPPER_EXTENSION = xctest;
			};
			name = Release;
		};
/* End XCBuildConfiguration section */

/* Begin XCConfigurationList section */
		22ACC8061929E0B100801833 /* Build configuration list for PBXProject "PageFold" */ = {
			isa = XCConfigurationList;
			buildConfigurations = (
				22ACC83B1929E0B200801833 /* Debug */,
				22ACC83C1929E0B200801833 /* Release */,
			);
			defaultConfigurationIsVisible = 0;
			defaultConfigurationName = Release;
		};
		22ACC83D1929E0B200801833 /* Build configuration list for PBXNativeTarget "PageFold" */ = {
			isa = XCConfigurationList;
			buildConfigurations = (
				22ACC83E1929E0B200801833 /* Debug */,
				22ACC83F1929E0B200801833 /* Release */,
			);
			defaultConfigurationIsVisible = 0;
			defaultConfigurationName = Release;
		};
		22ACC8401929E0B200801833 /* Build configuration list for PBXNativeTarget "PageFoldTests" */ = {
			isa = XCConfigurationList;
			buildConfigurations = (
				22ACC8411929E0B200801833 /* Debug */,
				22ACC8421929E0B200801833 /* Release */,
			);
			defaultConfigurationIsVisible = 0;
			defaultConfigurationName = Release;
		};
/* End XCConfigurationList section */
	};
	rootObject = 22ACC8031929E0B100801833 /* Project object */;
}
